
Microsoft Visual Studio Solution File, Format Version 12.00
# Visual Studio Version 17
VisualStudioVersion = 17.0.31903.59
MinimumVisualStudioVersion = 10.0.40219.1
Project("{2150E333-8FDC-42A3-9474-1A3956D46DE8}") = "src", "src", "{827E0CD3-B72D-47B6-A68D-7590B98EB39B}"
EndProject
Project("{2150E333-8FDC-42A3-9474-1A3956D46DE8}") = "Services", "Services", "{984BB9B3-3FA3-BE33-9484-CAC21695A33C}"
EndProject
Project("{2150E333-8FDC-42A3-9474-1A3956D46DE8}") = "Catalog", "Catalog", "{C91C1CF1-1625-0789-F869-53D87D6277BA}"
EndProject
Project("{FAE04EC0-301F-11D3-BF4B-00C04F79EFBC}") = "Catalog.API", "src\Services\Catalog\Catalog.API\Catalog.API.csproj", "{BD1B1FFA-F6DB-421B-BBC2-136AA78A20D9}"
EndProject
Project("{FAE04EC0-301F-11D3-BF4B-00C04F79EFBC}") = "Catalog.Application", "src\Services\Catalog\Catalog.Application\Catalog.Application.csproj", "{F38A3087-CE53-4C16-A28C-61595264F65D}"
EndProject
Project("{FAE04EC0-301F-11D3-BF4B-00C04F79EFBC}") = "Catalog.Domain", "src\Services\Catalog\Catalog.Domain\Catalog.Domain.csproj", "{6C2CDFC2-C58A-4642-831D-7C24F183D9E9}"
EndProject
Project("{FAE04EC0-301F-11D3-BF4B-00C04F79EFBC}") = "Catalog.Infrastructure", "src\Services\Catalog\Catalog.Infrastructure\Catalog.Infrastructure.csproj", "{12F33888-A10E-400D-8050-7151F173D253}"
EndProject
Project("{2150E333-8FDC-42A3-9474-1A3956D46DE8}") = "Solution Items", "Solution Items", "{8EC462FD-D22E-90A8-E5CE-7E832BA40C5D}"
	ProjectSection(SolutionItems) = preProject
		docker-compose-dev.yaml = docker-compose-dev.yaml
		docker-compose-prod.yaml = docker-compose-prod.yaml
		dockerfile-basket = dockerfile-basket
		dockerfile-catalog = dockerfile-catalog
	EndProjectSection
EndProject
Project("{2150E333-8FDC-42A3-9474-1A3956D46DE8}") = "Shared", "Shared", "{02EA681E-C7D8-13C7-8484-4AC65E1B71E8}"
EndProject
Project("{FAE04EC0-301F-11D3-BF4B-00C04F79EFBC}") = "Common.Kernel", "src\Shared\Common.Kernel\Common.Kernel.csproj", "{5908AA66-5DF3-4B6D-8023-69E116B40828}"
EndProject
Project("{2150E333-8FDC-42A3-9474-1A3956D46DE8}") = "Basket", "Basket", "{BFF55973-BD9D-45F0-8D4C-BF152BD7B145}"
EndProject
Project("{FAE04EC0-301F-11D3-BF4B-00C04F79EFBC}") = "Basket.API", "src\Services\Basket\Basket.API\Basket.API.csproj", "{A69656F8-E207-40BA-8C60-F6F0F65CE233}"
EndProject
Project("{FAE04EC0-301F-11D3-BF4B-00C04F79EFBC}") = "Promotion.Grpc", "src\Services\Promotion\Promotion.Grpc\Promotion.Grpc.csproj", "{6D6E13CD-5F45-4EAE-B4D1-0CB429DA4007}"
EndProject
Project("{2150E333-8FDC-42A3-9474-1A3956D46DE8}") = "Promotion", "Promotion", "{C3215804-3188-DB35-4B55-B5A3C585F2EF}"
EndProject
Global
	GlobalSection(SolutionConfigurationPlatforms) = preSolution
		Debug|Any CPU = Debug|Any CPU
		Debug|x64 = Debug|x64
		Debug|x86 = Debug|x86
		Release|Any CPU = Release|Any CPU
		Release|x64 = Release|x64
		Release|x86 = Release|x86
	EndGlobalSection
	GlobalSection(ProjectConfigurationPlatforms) = postSolution
		{BD1B1FFA-F6DB-421B-BBC2-136AA78A20D9}.Debug|Any CPU.ActiveCfg = Debug|Any CPU
		{BD1B1FFA-F6DB-421B-BBC2-136AA78A20D9}.Debug|Any CPU.Build.0 = Debug|Any CPU
		{BD1B1FFA-F6DB-421B-BBC2-136AA78A20D9}.Debug|x64.ActiveCfg = Debug|Any CPU
		{BD1B1FFA-F6DB-421B-BBC2-136AA78A20D9}.Debug|x64.Build.0 = Debug|Any CPU
		{BD1B1FFA-F6DB-421B-BBC2-136AA78A20D9}.Debug|x86.ActiveCfg = Debug|Any CPU
		{BD1B1FFA-F6DB-421B-BBC2-136AA78A20D9}.Debug|x86.Build.0 = Debug|Any CPU
		{BD1B1FFA-F6DB-421B-BBC2-136AA78A20D9}.Release|Any CPU.ActiveCfg = Release|Any CPU
		{BD1B1FFA-F6DB-421B-BBC2-136AA78A20D9}.Release|Any CPU.Build.0 = Release|Any CPU
		{BD1B1FFA-F6DB-421B-BBC2-136AA78A20D9}.Release|x64.ActiveCfg = Release|Any CPU
		{BD1B1FFA-F6DB-421B-BBC2-136AA78A20D9}.Release|x64.Build.0 = Release|Any CPU
		{BD1B1FFA-F6DB-421B-BBC2-136AA78A20D9}.Release|x86.ActiveCfg = Release|Any CPU
		{BD1B1FFA-F6DB-421B-BBC2-136AA78A20D9}.Release|x86.Build.0 = Release|Any CPU
		{F38A3087-CE53-4C16-A28C-61595264F65D}.Debug|Any CPU.ActiveCfg = Debug|Any CPU
		{F38A3087-CE53-4C16-A28C-61595264F65D}.Debug|Any CPU.Build.0 = Debug|Any CPU
		{F38A3087-CE53-4C16-A28C-61595264F65D}.Debug|x64.ActiveCfg = Debug|Any CPU
		{F38A3087-CE53-4C16-A28C-61595264F65D}.Debug|x64.Build.0 = Debug|Any CPU
		{F38A3087-CE53-4C16-A28C-61595264F65D}.Debug|x86.ActiveCfg = Debug|Any CPU
		{F38A3087-CE53-4C16-A28C-61595264F65D}.Debug|x86.Build.0 = Debug|Any CPU
		{F38A3087-CE53-4C16-A28C-61595264F65D}.Release|Any CPU.ActiveCfg = Release|Any CPU
		{F38A3087-CE53-4C16-A28C-61595264F65D}.Release|Any CPU.Build.0 = Release|Any CPU
		{F38A3087-CE53-4C16-A28C-61595264F65D}.Release|x64.ActiveCfg = Release|Any CPU
		{F38A3087-CE53-4C16-A28C-61595264F65D}.Release|x64.Build.0 = Release|Any CPU
		{F38A3087-CE53-4C16-A28C-61595264F65D}.Release|x86.ActiveCfg = Release|Any CPU
		{F38A3087-CE53-4C16-A28C-61595264F65D}.Release|x86.Build.0 = Release|Any CPU
		{6C2CDFC2-C58A-4642-831D-7C24F183D9E9}.Debug|Any CPU.ActiveCfg = Debug|Any CPU
		{6C2CDFC2-C58A-4642-831D-7C24F183D9E9}.Debug|Any CPU.Build.0 = Debug|Any CPU
		{6C2CDFC2-C58A-4642-831D-7C24F183D9E9}.Debug|x64.ActiveCfg = Debug|Any CPU
		{6C2CDFC2-C58A-4642-831D-7C24F183D9E9}.Debug|x64.Build.0 = Debug|Any CPU
		{6C2CDFC2-C58A-4642-831D-7C24F183D9E9}.Debug|x86.ActiveCfg = Debug|Any CPU
		{6C2CDFC2-C58A-4642-831D-7C24F183D9E9}.Debug|x86.Build.0 = Debug|Any CPU
		{6C2CDFC2-C58A-4642-831D-7C24F183D9E9}.Release|Any CPU.ActiveCfg = Release|Any CPU
		{6C2CDFC2-C58A-4642-831D-7C24F183D9E9}.Release|Any CPU.Build.0 = Release|Any CPU
		{6C2CDFC2-C58A-4642-831D-7C24F183D9E9}.Release|x64.ActiveCfg = Release|Any CPU
		{6C2CDFC2-C58A-4642-831D-7C24F183D9E9}.Release|x64.Build.0 = Release|Any CPU
		{6C2CDFC2-C58A-4642-831D-7C24F183D9E9}.Release|x86.ActiveCfg = Release|Any CPU
		{6C2CDFC2-C58A-4642-831D-7C24F183D9E9}.Release|x86.Build.0 = Release|Any CPU
		{12F33888-A10E-400D-8050-7151F173D253}.Debug|Any CPU.ActiveCfg = Debug|Any CPU
		{12F33888-A10E-400D-8050-7151F173D253}.Debug|Any CPU.Build.0 = Debug|Any CPU
		{12F33888-A10E-400D-8050-7151F173D253}.Debug|x64.ActiveCfg = Debug|Any CPU
		{12F33888-A10E-400D-8050-7151F173D253}.Debug|x64.Build.0 = Debug|Any CPU
		{12F33888-A10E-400D-8050-7151F173D253}.Debug|x86.ActiveCfg = Debug|Any CPU
		{12F33888-A10E-400D-8050-7151F173D253}.Debug|x86.Build.0 = Debug|Any CPU
		{12F33888-A10E-400D-8050-7151F173D253}.Release|Any CPU.ActiveCfg = Release|Any CPU
		{12F33888-A10E-400D-8050-7151F173D253}.Release|Any CPU.Build.0 = Release|Any CPU
		{12F33888-A10E-400D-8050-7151F173D253}.Release|x64.ActiveCfg = Release|Any CPU
		{12F33888-A10E-400D-8050-7151F173D253}.Release|x64.Build.0 = Release|Any CPU
		{12F33888-A10E-400D-8050-7151F173D253}.Release|x86.ActiveCfg = Release|Any CPU
		{12F33888-A10E-400D-8050-7151F173D253}.Release|x86.Build.0 = Release|Any CPU
		{5908AA66-5DF3-4B6D-8023-69E116B40828}.Debug|Any CPU.ActiveCfg = Debug|Any CPU
		{5908AA66-5DF3-4B6D-8023-69E116B40828}.Debug|Any CPU.Build.0 = Debug|Any CPU
		{5908AA66-5DF3-4B6D-8023-69E116B40828}.Debug|x64.ActiveCfg = Debug|Any CPU
		{5908AA66-5DF3-4B6D-8023-69E116B40828}.Debug|x64.Build.0 = Debug|Any CPU
		{5908AA66-5DF3-4B6D-8023-69E116B40828}.Debug|x86.ActiveCfg = Debug|Any CPU
		{5908AA66-5DF3-4B6D-8023-69E116B40828}.Debug|x86.Build.0 = Debug|Any CPU
		{5908AA66-5DF3-4B6D-8023-69E116B40828}.Release|Any CPU.ActiveCfg = Release|Any CPU
		{5908AA66-5DF3-4B6D-8023-69E116B40828}.Release|Any CPU.Build.0 = Release|Any CPU
		{5908AA66-5DF3-4B6D-8023-69E116B40828}.Release|x64.ActiveCfg = Release|Any CPU
		{5908AA66-5DF3-4B6D-8023-69E116B40828}.Release|x64.Build.0 = Release|Any CPU
		{5908AA66-5DF3-4B6D-8023-69E116B40828}.Release|x86.ActiveCfg = Release|Any CPU
		{5908AA66-5DF3-4B6D-8023-69E116B40828}.Release|x86.Build.0 = Release|Any CPU
		{A69656F8-E207-40BA-8C60-F6F0F65CE233}.Debug|Any CPU.ActiveCfg = Debug|Any CPU
		{A69656F8-E207-40BA-8C60-F6F0F65CE233}.Debug|Any CPU.Build.0 = Debug|Any CPU
		{A69656F8-E207-40BA-8C60-F6F0F65CE233}.Debug|x64.ActiveCfg = Debug|Any CPU
		{A69656F8-E207-40BA-8C60-F6F0F65CE233}.Debug|x64.Build.0 = Debug|Any CPU
		{A69656F8-E207-40BA-8C60-F6F0F65CE233}.Debug|x86.ActiveCfg = Debug|Any CPU
		{A69656F8-E207-40BA-8C60-F6F0F65CE233}.Debug|x86.Build.0 = Debug|Any CPU
		{A69656F8-E207-40BA-8C60-F6F0F65CE233}.Release|Any CPU.ActiveCfg = Release|Any CPU
		{A69656F8-E207-40BA-8C60-F6F0F65CE233}.Release|Any CPU.Build.0 = Release|Any CPU
		{A69656F8-E207-40BA-8C60-F6F0F65CE233}.Release|x64.ActiveCfg = Release|Any CPU
		{A69656F8-E207-40BA-8C60-F6F0F65CE233}.Release|x64.Build.0 = Release|Any CPU
		{A69656F8-E207-40BA-8C60-F6F0F65CE233}.Release|x86.ActiveCfg = Release|Any CPU
		{A69656F8-E207-40BA-8C60-F6F0F65CE233}.Release|x86.Build.0 = Release|Any CPU
		{6D6E13CD-5F45-4EAE-B4D1-0CB429DA4007}.Debug|Any CPU.ActiveCfg = Debug|Any CPU
		{6D6E13CD-5F45-4EAE-B4D1-0CB429DA4007}.Debug|Any CPU.Build.0 = Debug|Any CPU
		{6D6E13CD-5F45-4EAE-B4D1-0CB429DA4007}.Debug|x64.ActiveCfg = Debug|Any CPU
		{6D6E13CD-5F45-4EAE-B4D1-0CB429DA4007}.Debug|x64.Build.0 = Debug|Any CPU
		{6D6E13CD-5F45-4EAE-B4D1-0CB429DA4007}.Debug|x86.ActiveCfg = Debug|Any CPU
		{6D6E13CD-5F45-4EAE-B4D1-0CB429DA4007}.Debug|x86.Build.0 = Debug|Any CPU
		{6D6E13CD-5F45-4EAE-B4D1-0CB429DA4007}.Release|Any CPU.ActiveCfg = Release|Any CPU
		{6D6E13CD-5F45-4EAE-B4D1-0CB429DA4007}.Release|Any CPU.Build.0 = Release|Any CPU
		{6D6E13CD-5F45-4EAE-B4D1-0CB429DA4007}.Release|x64.ActiveCfg = Release|Any CPU
		{6D6E13CD-5F45-4EAE-B4D1-0CB429DA4007}.Release|x64.Build.0 = Release|Any CPU
		{6D6E13CD-5F45-4EAE-B4D1-0CB429DA4007}.Release|x86.ActiveCfg = Release|Any CPU
		{6D6E13CD-5F45-4EAE-B4D1-0CB429DA4007}.Release|x86.Build.0 = Release|Any CPU
	EndGlobalSection
	GlobalSection(SolutionProperties) = preSolution
		HideSolutionNode = FALSE
	EndGlobalSection
	GlobalSection(NestedProjects) = preSolution
		{984BB9B3-3FA3-BE33-9484-CAC21695A33C} = {827E0CD3-B72D-47B6-A68D-7590B98EB39B}
		{C91C1CF1-1625-0789-F869-53D87D6277BA} = {984BB9B3-3FA3-BE33-9484-CAC21695A33C}
		{BD1B1FFA-F6DB-421B-BBC2-136AA78A20D9} = {C91C1CF1-1625-0789-F869-53D87D6277BA}
		{F38A3087-CE53-4C16-A28C-61595264F65D} = {C91C1CF1-1625-0789-F869-53D87D6277BA}
		{6C2CDFC2-C58A-4642-831D-7C24F183D9E9} = {C91C1CF1-1625-0789-F869-53D87D6277BA}
		{12F33888-A10E-400D-8050-7151F173D253} = {C91C1CF1-1625-0789-F869-53D87D6277BA}
		{02EA681E-C7D8-13C7-8484-4AC65E1B71E8} = {827E0CD3-B72D-47B6-A68D-7590B98EB39B}
		{5908AA66-5DF3-4B6D-8023-69E116B40828} = {02EA681E-C7D8-13C7-8484-4AC65E1B71E8}
		{BFF55973-BD9D-45F0-8D4C-BF152BD7B145} = {984BB9B3-3FA3-BE33-9484-CAC21695A33C}
		{A69656F8-E207-40BA-8C60-F6F0F65CE233} = {BFF55973-BD9D-45F0-8D4C-BF152BD7B145}
		{6D6E13CD-5F45-4EAE-B4D1-0CB429DA4007} = {C3215804-3188-DB35-4B55-B5A3C585F2EF}
		{C3215804-3188-DB35-4B55-B5A3C585F2EF} = {984BB9B3-3FA3-BE33-9484-CAC21695A33C}
	EndGlobalSection
	GlobalSection(ExtensibilityGlobals) = postSolution
		SolutionGuid = {1660202B-033E-4B0A-B54C-1277482D33C0}
	EndGlobalSection
EndGlobal
